
Microsoft Visual Studio Solution File, Format Version 12.00
# Visual Studio Version 17
VisualStudioVersion = 17.0.31903.59
MinimumVisualStudioVersion = 10.0.40219.1
Project("{2150E333-8FDC-42A3-9474-1A3956D46DE8}") = "src", "src", "{827E0CD3-B72D-47B6-A68D-7590B98EB39B}"
EndProject
Project("{FAE04EC0-301F-11D3-BF4B-00C04F79EFBC}") = "AuctionService", "src\AuctionService\AuctionService.csproj", "{DC1BE52A-75E5-4416-9E57-03ED46C8E2DE}"
EndProject
Project("{FAE04EC0-301F-11D3-BF4B-00C04F79EFBC}") = "SearchService", "src\SearchService\SearchService.csproj", "{0A89CFE7-811B-40FF-A681-9B5A56E9A367}"
EndProject
Project("{FAE04EC0-301F-11D3-BF4B-00C04F79EFBC}") = "Contracts", "src\Contracts\Contracts.csproj", "{64998738-ED46-4E63-A8BE-DBD9A0DAF52A}"
EndProject
Project("{FAE04EC0-301F-11D3-BF4B-00C04F79EFBC}") = "IdentityService", "src\IdentityService\IdentityService.csproj", "{E6579B60-2D8B-4D21-8669-5B8CB8520F09}"
EndProject
Project("{FAE04EC0-301F-11D3-BF4B-00C04F79EFBC}") = "GatewayService", "src\GatewayService\GatewayService.csproj", "{B15253BB-A082-4B38-8069-A20FDC316516}"
EndProject
Global
	GlobalSection(SolutionConfigurationPlatforms) = preSolution
		Debug|Any CPU = Debug|Any CPU
		Debug|x64 = Debug|x64
		Debug|x86 = Debug|x86
		Release|Any CPU = Release|Any CPU
		Release|x64 = Release|x64
		Release|x86 = Release|x86
	EndGlobalSection
	GlobalSection(ProjectConfigurationPlatforms) = postSolution
		{DC1BE52A-75E5-4416-9E57-03ED46C8E2DE}.Debug|Any CPU.ActiveCfg = Debug|Any CPU
		{DC1BE52A-75E5-4416-9E57-03ED46C8E2DE}.Debug|Any CPU.Build.0 = Debug|Any CPU
		{DC1BE52A-75E5-4416-9E57-03ED46C8E2DE}.Debug|x64.ActiveCfg = Debug|Any CPU
		{DC1BE52A-75E5-4416-9E57-03ED46C8E2DE}.Debug|x64.Build.0 = Debug|Any CPU
		{DC1BE52A-75E5-4416-9E57-03ED46C8E2DE}.Debug|x86.ActiveCfg = Debug|Any CPU
		{DC1BE52A-75E5-4416-9E57-03ED46C8E2DE}.Debug|x86.Build.0 = Debug|Any CPU
		{DC1BE52A-75E5-4416-9E57-03ED46C8E2DE}.Release|Any CPU.ActiveCfg = Release|Any CPU
		{DC1BE52A-75E5-4416-9E57-03ED46C8E2DE}.Release|Any CPU.Build.0 = Release|Any CPU
		{DC1BE52A-75E5-4416-9E57-03ED46C8E2DE}.Release|x64.ActiveCfg = Release|Any CPU
		{DC1BE52A-75E5-4416-9E57-03ED46C8E2DE}.Release|x64.Build.0 = Release|Any CPU
		{DC1BE52A-75E5-4416-9E57-03ED46C8E2DE}.Release|x86.ActiveCfg = Release|Any CPU
		{DC1BE52A-75E5-4416-9E57-03ED46C8E2DE}.Release|x86.Build.0 = Release|Any CPU
		{0A89CFE7-811B-40FF-A681-9B5A56E9A367}.Debug|Any CPU.ActiveCfg = Debug|Any CPU
		{0A89CFE7-811B-40FF-A681-9B5A56E9A367}.Debug|Any CPU.Build.0 = Debug|Any CPU
		{0A89CFE7-811B-40FF-A681-9B5A56E9A367}.Debug|x64.ActiveCfg = Debug|Any CPU
		{0A89CFE7-811B-40FF-A681-9B5A56E9A367}.Debug|x64.Build.0 = Debug|Any CPU
		{0A89CFE7-811B-40FF-A681-9B5A56E9A367}.Debug|x86.ActiveCfg = Debug|Any CPU
		{0A89CFE7-811B-40FF-A681-9B5A56E9A367}.Debug|x86.Build.0 = Debug|Any CPU
		{0A89CFE7-811B-40FF-A681-9B5A56E9A367}.Release|Any CPU.ActiveCfg = Release|Any CPU
		{0A89CFE7-811B-40FF-A681-9B5A56E9A367}.Release|Any CPU.Build.0 = Release|Any CPU
		{0A89CFE7-811B-40FF-A681-9B5A56E9A367}.Release|x64.ActiveCfg = Release|Any CPU
		{0A89CFE7-811B-40FF-A681-9B5A56E9A367}.Release|x64.Build.0 = Release|Any CPU
		{0A89CFE7-811B-40FF-A681-9B5A56E9A367}.Release|x86.ActiveCfg = Release|Any CPU
		{0A89CFE7-811B-40FF-A681-9B5A56E9A367}.Release|x86.Build.0 = Release|Any CPU
		{64998738-ED46-4E63-A8BE-DBD9A0DAF52A}.Debug|Any CPU.ActiveCfg = Debug|Any CPU
		{64998738-ED46-4E63-A8BE-DBD9A0DAF52A}.Debug|Any CPU.Build.0 = Debug|Any CPU
		{64998738-ED46-4E63-A8BE-DBD9A0DAF52A}.Debug|x64.ActiveCfg = Debug|Any CPU
		{64998738-ED46-4E63-A8BE-DBD9A0DAF52A}.Debug|x64.Build.0 = Debug|Any CPU
		{64998738-ED46-4E63-A8BE-DBD9A0DAF52A}.Debug|x86.ActiveCfg = Debug|Any CPU
		{64998738-ED46-4E63-A8BE-DBD9A0DAF52A}.Debug|x86.Build.0 = Debug|Any CPU
		{64998738-ED46-4E63-A8BE-DBD9A0DAF52A}.Release|Any CPU.ActiveCfg = Release|Any CPU
		{64998738-ED46-4E63-A8BE-DBD9A0DAF52A}.Release|Any CPU.Build.0 = Release|Any CPU
		{64998738-ED46-4E63-A8BE-DBD9A0DAF52A}.Release|x64.ActiveCfg = Release|Any CPU
		{64998738-ED46-4E63-A8BE-DBD9A0DAF52A}.Release|x64.Build.0 = Release|Any CPU
		{64998738-ED46-4E63-A8BE-DBD9A0DAF52A}.Release|x86.ActiveCfg = Release|Any CPU
		{64998738-ED46-4E63-A8BE-DBD9A0DAF52A}.Release|x86.Build.0 = Release|Any CPU
		{E6579B60-2D8B-4D21-8669-5B8CB8520F09}.Debug|Any CPU.ActiveCfg = Debug|Any CPU
		{E6579B60-2D8B-4D21-8669-5B8CB8520F09}.Debug|Any CPU.Build.0 = Debug|Any CPU
		{E6579B60-2D8B-4D21-8669-5B8CB8520F09}.Debug|x64.ActiveCfg = Debug|Any CPU
		{E6579B60-2D8B-4D21-8669-5B8CB8520F09}.Debug|x64.Build.0 = Debug|Any CPU
		{E6579B60-2D8B-4D21-8669-5B8CB8520F09}.Debug|x86.ActiveCfg = Debug|Any CPU
		{E6579B60-2D8B-4D21-8669-5B8CB8520F09}.Debug|x86.Build.0 = Debug|Any CPU
		{E6579B60-2D8B-4D21-8669-5B8CB8520F09}.Release|Any CPU.ActiveCfg = Release|Any CPU
		{E6579B60-2D8B-4D21-8669-5B8CB8520F09}.Release|Any CPU.Build.0 = Release|Any CPU
		{E6579B60-2D8B-4D21-8669-5B8CB8520F09}.Release|x64.ActiveCfg = Release|Any CPU
		{E6579B60-2D8B-4D21-8669-5B8CB8520F09}.Release|x64.Build.0 = Release|Any CPU
		{E6579B60-2D8B-4D21-8669-5B8CB8520F09}.Release|x86.ActiveCfg = Release|Any CPU
		{E6579B60-2D8B-4D21-8669-5B8CB8520F09}.Release|x86.Build.0 = Release|Any CPU
		{B15253BB-A082-4B38-8069-A20FDC316516}.Debug|Any CPU.ActiveCfg = Debug|Any CPU
		{B15253BB-A082-4B38-8069-A20FDC316516}.Debug|Any CPU.Build.0 = Debug|Any CPU
		{B15253BB-A082-4B38-8069-A20FDC316516}.Debug|x64.ActiveCfg = Debug|Any CPU
		{B15253BB-A082-4B38-8069-A20FDC316516}.Debug|x64.Build.0 = Debug|Any CPU
		{B15253BB-A082-4B38-8069-A20FDC316516}.Debug|x86.ActiveCfg = Debug|Any CPU
		{B15253BB-A082-4B38-8069-A20FDC316516}.Debug|x86.Build.0 = Debug|Any CPU
		{B15253BB-A082-4B38-8069-A20FDC316516}.Release|Any CPU.ActiveCfg = Release|Any CPU
		{B15253BB-A082-4B38-8069-A20FDC316516}.Release|Any CPU.Build.0 = Release|Any CPU
		{B15253BB-A082-4B38-8069-A20FDC316516}.Release|x64.ActiveCfg = Release|Any CPU
		{B15253BB-A082-4B38-8069-A20FDC316516}.Release|x64.Build.0 = Release|Any CPU
		{B15253BB-A082-4B38-8069-A20FDC316516}.Release|x86.ActiveCfg = Release|Any CPU
		{B15253BB-A082-4B38-8069-A20FDC316516}.Release|x86.Build.0 = Release|Any CPU
	EndGlobalSection
	GlobalSection(SolutionProperties) = preSolution
		HideSolutionNode = FALSE
	EndGlobalSection
	GlobalSection(NestedProjects) = preSolution
		{DC1BE52A-75E5-4416-9E57-03ED46C8E2DE} = {827E0CD3-B72D-47B6-A68D-7590B98EB39B}
		{0A89CFE7-811B-40FF-A681-9B5A56E9A367} = {827E0CD3-B72D-47B6-A68D-7590B98EB39B}
		{64998738-ED46-4E63-A8BE-DBD9A0DAF52A} = {827E0CD3-B72D-47B6-A68D-7590B98EB39B}
		{E6579B60-2D8B-4D21-8669-5B8CB8520F09} = {827E0CD3-B72D-47B6-A68D-7590B98EB39B}
		{B15253BB-A082-4B38-8069-A20FDC316516} = {827E0CD3-B72D-47B6-A68D-7590B98EB39B}
	EndGlobalSection
EndGlobal
